
Microsoft Visual Studio Solution File, Format Version 12.00
# Visual Studio Version 17
VisualStudioVersion = 17.14.36127.28 d17.14
MinimumVisualStudioVersion = 10.0.40219.1
Project("{FAE04EC0-301F-11D3-BF4B-00C04F79EFBC}") = "FireSimulation", "FireSimulation\FireSimulation.csproj", "{F1703FD0-466A-47CC-BC4B-C16BE38A055B}"
EndProject
Global
	GlobalSection(SolutionConfigurationPlatforms) = preSolution
		Debug|Any CPU = Debug|Any CPU
		Release|Any CPU = Release|Any CPU
	EndGlobalSection
	GlobalSection(ProjectConfigurationPlatforms) = postSolution
		{F1703FD0-466A-47CC-BC4B-C16BE38A055B}.Debug|Any CPU.ActiveCfg = Debug|Any CPU
		{F1703FD0-466A-47CC-BC4B-C16BE38A055B}.Debug|Any CPU.Build.0 = Debug|Any CPU
		{F1703FD0-466A-47CC-BC4B-C16BE38A055B}.Release|Any CPU.ActiveCfg = Release|Any CPU
		{F1703FD0-466A-47CC-BC4B-C16BE38A055B}.Release|Any CPU.Build.0 = Release|Any CPU
	EndGlobalSection
	GlobalSection(SolutionProperties) = preSolution
		HideSolutionNode = FALSE
	EndGlobalSection
	GlobalSection(ExtensibilityGlobals) = postSolution
		SolutionGuid = {B824CCD0-1D2B-4A36-A069-E5FBF71E681A}
	EndGlobalSection
EndGlobal
